
Microsoft Visual Studio Solution File, Format Version 12.00
# Visual Studio Version 17
VisualStudioVersion = 17.0.32126.317
MinimumVisualStudioVersion = 10.0.40219.1
Project("{9A19103F-16F7-4668-BE54-9A1E7A4F7556}") = "OnlineShop.Web", "OnlineShop.Web\OnlineShop.Web.csproj", "{43B8D4CA-9D43-4EC8-8A98-90239669E7CD}"
EndProject
Project("{9A19103F-16F7-4668-BE54-9A1E7A4F7556}") = "OnlineShop.Core", "OnlineShop.Core\OnlineShop.Core.csproj", "{E3887C6D-F05C-4C33-BF3A-F4C2D2EF7DC5}"
EndProject
Project("{9A19103F-16F7-4668-BE54-9A1E7A4F7556}") = "OnlineShop.Web.Admin", "OnlineShop.Web.Admin\OnlineShop.Web.Admin.csproj", "{631CA8A6-6233-4A3B-9B62-3A43290FE882}"
EndProject
Project("{9A19103F-16F7-4668-BE54-9A1E7A4F7556}") = "OnlineShop.BLL", "OnlineShop.BLL\OnlineShop.BLL.csproj", "{8559F5FC-38B3-4639-94BE-83FA55D57D53}"
EndProject
Project("{9A19103F-16F7-4668-BE54-9A1E7A4F7556}") = "OnlineShop.DAL", "OnlineShop.DAL\OnlineShop.DAL.csproj", "{07A9C9C5-46ED-47C5-87D3-25B364EC649E}"
EndProject
Project("{FAE04EC0-301F-11D3-BF4B-00C04F79EFBC}") = "OnlineShop.Admin.API", "OnlineShop.Admin.API\OnlineShop.Admin.API.csproj", "{FD17E58C-E9DB-4170-98B8-BA7AB12296EE}"
EndProject
Global
	GlobalSection(SolutionConfigurationPlatforms) = preSolution
		Debug|Any CPU = Debug|Any CPU
		Release|Any CPU = Release|Any CPU
	EndGlobalSection
	GlobalSection(ProjectConfigurationPlatforms) = postSolution
		{43B8D4CA-9D43-4EC8-8A98-90239669E7CD}.Debug|Any CPU.ActiveCfg = Debug|Any CPU
		{43B8D4CA-9D43-4EC8-8A98-90239669E7CD}.Debug|Any CPU.Build.0 = Debug|Any CPU
		{43B8D4CA-9D43-4EC8-8A98-90239669E7CD}.Release|Any CPU.ActiveCfg = Release|Any CPU
		{43B8D4CA-9D43-4EC8-8A98-90239669E7CD}.Release|Any CPU.Build.0 = Release|Any CPU
		{E3887C6D-F05C-4C33-BF3A-F4C2D2EF7DC5}.Debug|Any CPU.ActiveCfg = Debug|Any CPU
		{E3887C6D-F05C-4C33-BF3A-F4C2D2EF7DC5}.Debug|Any CPU.Build.0 = Debug|Any CPU
		{E3887C6D-F05C-4C33-BF3A-F4C2D2EF7DC5}.Release|Any CPU.ActiveCfg = Release|Any CPU
		{E3887C6D-F05C-4C33-BF3A-F4C2D2EF7DC5}.Release|Any CPU.Build.0 = Release|Any CPU
		{631CA8A6-6233-4A3B-9B62-3A43290FE882}.Debug|Any CPU.ActiveCfg = Debug|Any CPU
		{631CA8A6-6233-4A3B-9B62-3A43290FE882}.Debug|Any CPU.Build.0 = Debug|Any CPU
		{631CA8A6-6233-4A3B-9B62-3A43290FE882}.Release|Any CPU.ActiveCfg = Release|Any CPU
		{631CA8A6-6233-4A3B-9B62-3A43290FE882}.Release|Any CPU.Build.0 = Release|Any CPU
		{8559F5FC-38B3-4639-94BE-83FA55D57D53}.Debug|Any CPU.ActiveCfg = Debug|Any CPU
		{8559F5FC-38B3-4639-94BE-83FA55D57D53}.Debug|Any CPU.Build.0 = Debug|Any CPU
		{8559F5FC-38B3-4639-94BE-83FA55D57D53}.Release|Any CPU.ActiveCfg = Release|Any CPU
		{8559F5FC-38B3-4639-94BE-83FA55D57D53}.Release|Any CPU.Build.0 = Release|Any CPU
		{07A9C9C5-46ED-47C5-87D3-25B364EC649E}.Debug|Any CPU.ActiveCfg = Debug|Any CPU
		{07A9C9C5-46ED-47C5-87D3-25B364EC649E}.Debug|Any CPU.Build.0 = Debug|Any CPU
		{07A9C9C5-46ED-47C5-87D3-25B364EC649E}.Release|Any CPU.ActiveCfg = Release|Any CPU
		{07A9C9C5-46ED-47C5-87D3-25B364EC649E}.Release|Any CPU.Build.0 = Release|Any CPU
		{FD17E58C-E9DB-4170-98B8-BA7AB12296EE}.Debug|Any CPU.ActiveCfg = Debug|Any CPU
		{FD17E58C-E9DB-4170-98B8-BA7AB12296EE}.Debug|Any CPU.Build.0 = Debug|Any CPU
		{FD17E58C-E9DB-4170-98B8-BA7AB12296EE}.Release|Any CPU.ActiveCfg = Release|Any CPU
		{FD17E58C-E9DB-4170-98B8-BA7AB12296EE}.Release|Any CPU.Build.0 = Release|Any CPU
	EndGlobalSection
	GlobalSection(SolutionProperties) = preSolution
		HideSolutionNode = FALSE
	EndGlobalSection
	GlobalSection(ExtensibilityGlobals) = postSolution
		SolutionGuid = {E2C48267-902C-4761-9782-FC790CBD0AFD}
	EndGlobalSection
EndGlobal
